// !$*UTF8*$!
{
	archiveVersion = 1;
	classes = {
	};
	objectVersion = 46;
	objects = {

/* Begin PBXBuildFile section */
		9205E37974CB8F704317DE06 /* libPods-GarageOS.a in Frameworks */ = {isa = PBXBuildFile; fileRef = 1A5393CC041D606C95E03DF8 /* libPods-GarageOS.a */; };
		980511591C2A18F000151D89 /* AppDelegate.swift in Sources */ = {isa = PBXBuildFile; fileRef = 980511581C2A18F000151D89 /* AppDelegate.swift */; };
		9805115B1C2A18F000151D89 /* ViewController.swift in Sources */ = {isa = PBXBuildFile; fileRef = 9805115A1C2A18F000151D89 /* ViewController.swift */; };
		9805115E1C2A18F000151D89 /* Main.storyboard in Resources */ = {isa = PBXBuildFile; fileRef = 9805115C1C2A18F000151D89 /* Main.storyboard */; };
		980511601C2A18F000151D89 /* Assets.xcassets in Resources */ = {isa = PBXBuildFile; fileRef = 9805115F1C2A18F000151D89 /* Assets.xcassets */; };
		980511631C2A18F000151D89 /* LaunchScreen.storyboard in Resources */ = {isa = PBXBuildFile; fileRef = 980511611C2A18F000151D89 /* LaunchScreen.storyboard */; };
		98A719EB1CB5D909004AB929 /* DeepPressGestureRecognizer.swift in Sources */ = {isa = PBXBuildFile; fileRef = 98A719EA1CB5D909004AB929 /* DeepPressGestureRecognizer.swift */; };
		98C3B63D1CB7FB4B00B02746 /* CoreBluetooth.framework in Frameworks */ = {isa = PBXBuildFile; fileRef = 98C3B63C1CB7FB4B00B02746 /* CoreBluetooth.framework */; };
		98D46E891CBEEA9A00FC2056 /* smallIcon.png in Resources */ = {isa = PBXBuildFile; fileRef = 98D46E871CBEEA9A00FC2056 /* smallIcon.png */; };
		98D46E8A1CBEEA9A00FC2056 /* tileIcon.png in Resources */ = {isa = PBXBuildFile; fileRef = 98D46E881CBEEA9A00FC2056 /* tileIcon.png */; };
		98F04D931CC125AF00157740 /* DeepPressableButton.swift in Sources */ = {isa = PBXBuildFile; fileRef = 98F04D921CC125AF00157740 /* DeepPressableButton.swift */; };
		F18DCB891FC9CB530048CD07 /* GarageClient.swift in Sources */ = {isa = PBXBuildFile; fileRef = F18DCB881FC9CB520048CD07 /* GarageClient.swift */; };
		F19F4BA01E2D308F008988FA /* WindowsAzureMessaging.framework in Frameworks */ = {isa = PBXBuildFile; fileRef = F19F4B9F1E2D308F008988FA /* WindowsAzureMessaging.framework */; };
		F1B60FB01E7430CF00D7ACD2 /* Settings.bundle in Resources */ = {isa = PBXBuildFile; fileRef = F1B60FAF1E7430CF00D7ACD2 /* Settings.bundle */; };
		F1C412381DC51F18009213AE /* Secrets.swift in Sources */ = {isa = PBXBuildFile; fileRef = F1C412371DC51F18009213AE /* Secrets.swift */; };
/* End PBXBuildFile section */

/* Begin PBXFileReference section */
		016F7D87EAF9F06E035827C9 /* Pods-GarageOS.release.xcconfig */ = {isa = PBXFileReference; includeInIndex = 1; lastKnownFileType = text.xcconfig; name = "Pods-GarageOS.release.xcconfig"; path = "Pods/Target Support Files/Pods-GarageOS/Pods-GarageOS.release.xcconfig"; sourceTree = "<group>"; };
		1A5393CC041D606C95E03DF8 /* libPods-GarageOS.a */ = {isa = PBXFileReference; explicitFileType = archive.ar; includeInIndex = 0; path = "libPods-GarageOS.a"; sourceTree = BUILT_PRODUCTS_DIR; };
		980511551C2A18F000151D89 /* GarageOS.app */ = {isa = PBXFileReference; explicitFileType = wrapper.application; includeInIndex = 0; path = GarageOS.app; sourceTree = BUILT_PRODUCTS_DIR; };
		980511581C2A18F000151D89 /* AppDelegate.swift */ = {isa = PBXFileReference; lastKnownFileType = sourcecode.swift; path = AppDelegate.swift; sourceTree = "<group>"; };
		9805115A1C2A18F000151D89 /* ViewController.swift */ = {isa = PBXFileReference; lastKnownFileType = sourcecode.swift; path = ViewController.swift; sourceTree = "<group>"; };
		9805115D1C2A18F000151D89 /* Base */ = {isa = PBXFileReference; lastKnownFileType = file.storyboard; name = Base; path = Base.lproj/Main.storyboard; sourceTree = "<group>"; };
		9805115F1C2A18F000151D89 /* Assets.xcassets */ = {isa = PBXFileReference; lastKnownFileType = folder.assetcatalog; path = Assets.xcassets; sourceTree = "<group>"; };
		980511621C2A18F000151D89 /* Base */ = {isa = PBXFileReference; lastKnownFileType = file.storyboard; name = Base; path = Base.lproj/LaunchScreen.storyboard; sourceTree = "<group>"; };
		980511641C2A18F000151D89 /* Info.plist */ = {isa = PBXFileReference; lastKnownFileType = text.plist.xml; path = Info.plist; sourceTree = "<group>"; };
		98A719EA1CB5D909004AB929 /* DeepPressGestureRecognizer.swift */ = {isa = PBXFileReference; fileEncoding = 4; lastKnownFileType = sourcecode.swift; path = DeepPressGestureRecognizer.swift; sourceTree = "<group>"; };
		98C3B63C1CB7FB4B00B02746 /* CoreBluetooth.framework */ = {isa = PBXFileReference; lastKnownFileType = wrapper.framework; name = CoreBluetooth.framework; path = System/Library/Frameworks/CoreBluetooth.framework; sourceTree = SDKROOT; };
		98D46E871CBEEA9A00FC2056 /* smallIcon.png */ = {isa = PBXFileReference; lastKnownFileType = image.png; path = smallIcon.png; sourceTree = "<group>"; };
		98D46E881CBEEA9A00FC2056 /* tileIcon.png */ = {isa = PBXFileReference; lastKnownFileType = image.png; path = tileIcon.png; sourceTree = "<group>"; };
		98D7A7491C2C9C4800EE8B3E /* Swift-Bridging-Header.h */ = {isa = PBXFileReference; fileEncoding = 4; lastKnownFileType = sourcecode.c.h; path = "Swift-Bridging-Header.h"; sourceTree = "<group>"; };
		98F04D921CC125AF00157740 /* DeepPressableButton.swift */ = {isa = PBXFileReference; fileEncoding = 4; lastKnownFileType = sourcecode.swift; path = DeepPressableButton.swift; sourceTree = "<group>"; };
		F16F00C51E2D1F1200934CDD /* GarageOS.entitlements */ = {isa = PBXFileReference; lastKnownFileType = text.plist.entitlements; path = GarageOS.entitlements; sourceTree = "<group>"; };
		F18DCB881FC9CB520048CD07 /* GarageClient.swift */ = {isa = PBXFileReference; fileEncoding = 4; lastKnownFileType = sourcecode.swift; path = GarageClient.swift; sourceTree = "<group>"; };
		F19F4B9F1E2D308F008988FA /* WindowsAzureMessaging.framework */ = {isa = PBXFileReference; lastKnownFileType = wrapper.framework; path = WindowsAzureMessaging.framework; sourceTree = "<group>"; };
		F19F4BA11E2D30D4008988FA /* HubInfo.h */ = {isa = PBXFileReference; fileEncoding = 4; lastKnownFileType = sourcecode.c.h; path = HubInfo.h; sourceTree = "<group>"; };
		F1B60FAF1E7430CF00D7ACD2 /* Settings.bundle */ = {isa = PBXFileReference; lastKnownFileType = "wrapper.plug-in"; path = Settings.bundle; sourceTree = "<group>"; };
		F1C412371DC51F18009213AE /* Secrets.swift */ = {isa = PBXFileReference; fileEncoding = 4; lastKnownFileType = sourcecode.swift; path = Secrets.swift; sourceTree = "<group>"; };
		FCE44FB7D07726651C1AD380 /* Pods-GarageOS.debug.xcconfig */ = {isa = PBXFileReference; includeInIndex = 1; lastKnownFileType = text.xcconfig; name = "Pods-GarageOS.debug.xcconfig"; path = "Pods/Target Support Files/Pods-GarageOS/Pods-GarageOS.debug.xcconfig"; sourceTree = "<group>"; };
/* End PBXFileReference section */

/* Begin PBXFrameworksBuildPhase section */
		980511521C2A18F000151D89 /* Frameworks */ = {
			isa = PBXFrameworksBuildPhase;
			buildActionMask = 2147483647;
			files = (
				98C3B63D1CB7FB4B00B02746 /* CoreBluetooth.framework in Frameworks */,
				9205E37974CB8F704317DE06 /* libPods-GarageOS.a in Frameworks */,
				F19F4BA01E2D308F008988FA /* WindowsAzureMessaging.framework in Frameworks */,
			);
			runOnlyForDeploymentPostprocessing = 0;
		};
/* End PBXFrameworksBuildPhase section */

/* Begin PBXGroup section */
		23B2C74C2407372E003E91B0 /* Frameworks */ = {
			isa = PBXGroup;
			children = (
				F19F4B9F1E2D308F008988FA /* WindowsAzureMessaging.framework */,
				98C3B63C1CB7FB4B00B02746 /* CoreBluetooth.framework */,
				1A5393CC041D606C95E03DF8 /* libPods-GarageOS.a */,
			);
			name = Frameworks;
			sourceTree = "<group>";
		};
		7C09E873AB938A6A2F3C0E0E /* Pods */ = {
			isa = PBXGroup;
			children = (
				FCE44FB7D07726651C1AD380 /* Pods-GarageOS.debug.xcconfig */,
				016F7D87EAF9F06E035827C9 /* Pods-GarageOS.release.xcconfig */,
			);
			name = Pods;
			sourceTree = "<group>";
		};
		9805114C1C2A18EF00151D89 = {
			isa = PBXGroup;
			children = (
				980511571C2A18F000151D89 /* GarageOS */,
				980511561C2A18F000151D89 /* Products */,
				23B2C74C2407372E003E91B0 /* Frameworks */,
				7C09E873AB938A6A2F3C0E0E /* Pods */,
			);
			sourceTree = "<group>";
		};
		980511561C2A18F000151D89 /* Products */ = {
			isa = PBXGroup;
			children = (
				980511551C2A18F000151D89 /* GarageOS.app */,
			);
			name = Products;
			sourceTree = "<group>";
		};
		980511571C2A18F000151D89 /* GarageOS */ = {
			isa = PBXGroup;
			children = (
				F16F00C51E2D1F1200934CDD /* GarageOS.entitlements */,
				F1C412371DC51F18009213AE /* Secrets.swift */,
				9805115A1C2A18F000151D89 /* ViewController.swift */,
				980511581C2A18F000151D89 /* AppDelegate.swift */,
				98F04D921CC125AF00157740 /* DeepPressableButton.swift */,
				98A719EA1CB5D909004AB929 /* DeepPressGestureRecognizer.swift */,
				F18DCB881FC9CB520048CD07 /* GarageClient.swift */,
				9805115C1C2A18F000151D89 /* Main.storyboard */,
				980511611C2A18F000151D89 /* LaunchScreen.storyboard */,
				98D46E871CBEEA9A00FC2056 /* smallIcon.png */,
				98D46E881CBEEA9A00FC2056 /* tileIcon.png */,
				980511641C2A18F000151D89 /* Info.plist */,
				98D7A7491C2C9C4800EE8B3E /* Swift-Bridging-Header.h */,
				9805115F1C2A18F000151D89 /* Assets.xcassets */,
				F19F4BA11E2D30D4008988FA /* HubInfo.h */,
				F1B60FAF1E7430CF00D7ACD2 /* Settings.bundle */,
			);
			path = GarageOS;
			sourceTree = "<group>";
		};
/* End PBXGroup section */

/* Begin PBXNativeTarget section */
		980511541C2A18F000151D89 /* GarageOS */ = {
			isa = PBXNativeTarget;
			buildConfigurationList = 980511671C2A18F000151D89 /* Build configuration list for PBXNativeTarget "GarageOS" */;
			buildPhases = (
				A2153F08A06FFFC42473291C /* [CP] Check Pods Manifest.lock */,
				980511511C2A18F000151D89 /* Sources */,
				980511521C2A18F000151D89 /* Frameworks */,
				980511531C2A18F000151D89 /* Resources */,
				F66E52825427D2C298F8BC56 /* [CP] Embed Pods Frameworks */,
				58A4B4BF5B347D8EEC6E54B4 /* [CP] Copy Pods Resources */,
				F1961F251DCF70680053C2A8 /* ShellScript */,
			);
			buildRules = (
			);
			dependencies = (
			);
			name = GarageOS;
			productName = GarageOS;
			productReference = 980511551C2A18F000151D89 /* GarageOS.app */;
			productType = "com.apple.product-type.application";
		};
/* End PBXNativeTarget section */

/* Begin PBXProject section */
		9805114D1C2A18EF00151D89 /* Project object */ = {
			isa = PBXProject;
			attributes = {
				LastSwiftUpdateCheck = 0720;
				LastUpgradeCheck = 0800;
				ORGANIZATIONNAME = "David Washington";
				TargetAttributes = {
					980511541C2A18F000151D89 = {
						CreatedOnToolsVersion = 7.2;
						DevelopmentTeam = CZDSP7DQSH;
						LastSwiftMigration = 0820;
						ProvisioningStyle = Automatic;
						SystemCapabilities = {
							com.apple.BackgroundModes = {
								enabled = 0;
							};
							com.apple.Keychain = {
								enabled = 1;
							};
							com.apple.Push = {
								enabled = 1;
							};
						};
					};
				};
			};
			buildConfigurationList = 980511501C2A18EF00151D89 /* Build configuration list for PBXProject "GarageOS" */;
			compatibilityVersion = "Xcode 3.2";
			developmentRegion = English;
			hasScannedForEncodings = 0;
			knownRegions = (
				en,
				Base,
			);
			mainGroup = 9805114C1C2A18EF00151D89;
			productRefGroup = 980511561C2A18F000151D89 /* Products */;
			projectDirPath = "";
			projectRoot = "";
			targets = (
				980511541C2A18F000151D89 /* GarageOS */,
			);
		};
/* End PBXProject section */

/* Begin PBXResourcesBuildPhase section */
		980511531C2A18F000151D89 /* Resources */ = {
			isa = PBXResourcesBuildPhase;
			buildActionMask = 2147483647;
			files = (
				980511631C2A18F000151D89 /* LaunchScreen.storyboard in Resources */,
				980511601C2A18F000151D89 /* Assets.xcassets in Resources */,
				98D46E891CBEEA9A00FC2056 /* smallIcon.png in Resources */,
				9805115E1C2A18F000151D89 /* Main.storyboard in Resources */,
				F1B60FB01E7430CF00D7ACD2 /* Settings.bundle in Resources */,
				98D46E8A1CBEEA9A00FC2056 /* tileIcon.png in Resources */,
			);
			runOnlyForDeploymentPostprocessing = 0;
		};
/* End PBXResourcesBuildPhase section */

/* Begin PBXShellScriptBuildPhase section */
		58A4B4BF5B347D8EEC6E54B4 /* [CP] Copy Pods Resources */ = {
			isa = PBXShellScriptBuildPhase;
			buildActionMask = 2147483647;
			files = (
			);
			inputPaths = (
			);
			name = "[CP] Copy Pods Resources";
			outputPaths = (
			);
			runOnlyForDeploymentPostprocessing = 0;
			shellPath = /bin/sh;
			shellScript = "\"${SRCROOT}/Pods/Target Support Files/Pods-GarageOS/Pods-GarageOS-resources.sh\"\n";
			showEnvVarsInLog = 0;
		};
		A2153F08A06FFFC42473291C /* [CP] Check Pods Manifest.lock */ = {
			isa = PBXShellScriptBuildPhase;
			buildActionMask = 2147483647;
			files = (
			);
			inputPaths = (
			);
			name = "[CP] Check Pods Manifest.lock";
			outputPaths = (
			);
			runOnlyForDeploymentPostprocessing = 0;
			shellPath = /bin/sh;
			shellScript = "diff \"${PODS_ROOT}/../Podfile.lock\" \"${PODS_ROOT}/Manifest.lock\" > /dev/null\nif [ $? != 0 ] ; then\n    # print error to STDERR\n    echo \"error: The sandbox is not in sync with the Podfile.lock. Run 'pod install' or update your CocoaPods installation.\" >&2\n    exit 1\nfi\n";
			showEnvVarsInLog = 0;
		};
		F1961F251DCF70680053C2A8 /* ShellScript */ = {
			isa = PBXShellScriptBuildPhase;
			buildActionMask = 2147483647;
			files = (
			);
			inputPaths = (
			);
			outputPaths = (
			);
			runOnlyForDeploymentPostprocessing = 0;
			shellPath = /bin/sh;
			shellScript = "FILE=\"${SRCROOT}/HockeySDK-iOS/BuildAgent\"\nif [ -f \"$FILE\" ]; then\n\"$FILE\"\nfi";
		};
		F66E52825427D2C298F8BC56 /* [CP] Embed Pods Frameworks */ = {
			isa = PBXShellScriptBuildPhase;
			buildActionMask = 2147483647;
			files = (
			);
			inputPaths = (
			);
			name = "[CP] Embed Pods Frameworks";
			outputPaths = (
			);
			runOnlyForDeploymentPostprocessing = 0;
			shellPath = /bin/sh;
			shellScript = "\"${SRCROOT}/Pods/Target Support Files/Pods-GarageOS/Pods-GarageOS-frameworks.sh\"\n";
			showEnvVarsInLog = 0;
		};
/* End PBXShellScriptBuildPhase section */

/* Begin PBXSourcesBuildPhase section */
		980511511C2A18F000151D89 /* Sources */ = {
			isa = PBXSourcesBuildPhase;
			buildActionMask = 2147483647;
			files = (
				9805115B1C2A18F000151D89 /* ViewController.swift in Sources */,
				F18DCB891FC9CB530048CD07 /* GarageClient.swift in Sources */,
				F1C412381DC51F18009213AE /* Secrets.swift in Sources */,
				98F04D931CC125AF00157740 /* DeepPressableButton.swift in Sources */,
				98A719EB1CB5D909004AB929 /* DeepPressGestureRecognizer.swift in Sources */,
				980511591C2A18F000151D89 /* AppDelegate.swift in Sources */,
			);
			runOnlyForDeploymentPostprocessing = 0;
		};
/* End PBXSourcesBuildPhase section */

/* Begin PBXVariantGroup section */
		9805115C1C2A18F000151D89 /* Main.storyboard */ = {
			isa = PBXVariantGroup;
			children = (
				9805115D1C2A18F000151D89 /* Base */,
			);
			name = Main.storyboard;
			sourceTree = "<group>";
		};
		980511611C2A18F000151D89 /* LaunchScreen.storyboard */ = {
			isa = PBXVariantGroup;
			children = (
				980511621C2A18F000151D89 /* Base */,
			);
			name = LaunchScreen.storyboard;
			sourceTree = "<group>";
		};
/* End PBXVariantGroup section */

/* Begin XCBuildConfiguration section */
		980511651C2A18F000151D89 /* Debug */ = {
			isa = XCBuildConfiguration;
			buildSettings = {
				ALWAYS_SEARCH_USER_PATHS = NO;
				CLANG_CXX_LANGUAGE_STANDARD = "gnu++0x";
				CLANG_CXX_LIBRARY = "libc++";
				CLANG_ENABLE_MODULES = YES;
				CLANG_ENABLE_OBJC_ARC = YES;
				CLANG_WARN_BOOL_CONVERSION = YES;
				CLANG_WARN_CONSTANT_CONVERSION = YES;
				CLANG_WARN_DIRECT_OBJC_ISA_USAGE = YES_ERROR;
				CLANG_WARN_EMPTY_BODY = YES;
				CLANG_WARN_ENUM_CONVERSION = YES;
				CLANG_WARN_INFINITE_RECURSION = YES;
				CLANG_WARN_INT_CONVERSION = YES;
				CLANG_WARN_OBJC_ROOT_CLASS = YES_ERROR;
				CLANG_WARN_SUSPICIOUS_MOVE = YES;
				CLANG_WARN_UNREACHABLE_CODE = YES;
				CLANG_WARN__DUPLICATE_METHOD_MATCH = YES;
				"CODE_SIGN_IDENTITY[sdk=iphoneos*]" = "iPhone Developer";
				COPY_PHASE_STRIP = NO;
				DEBUG_INFORMATION_FORMAT = dwarf;
				ENABLE_STRICT_OBJC_MSGSEND = YES;
				ENABLE_TESTABILITY = YES;
				GCC_C_LANGUAGE_STANDARD = gnu99;
				GCC_DYNAMIC_NO_PIC = NO;
				GCC_NO_COMMON_BLOCKS = YES;
				GCC_OPTIMIZATION_LEVEL = 0;
				GCC_PREPROCESSOR_DEFINITIONS = (
					"DEBUG=1",
					"$(inherited)",
				);
				GCC_WARN_64_TO_32_BIT_CONVERSION = YES;
				GCC_WARN_ABOUT_RETURN_TYPE = YES_ERROR;
				GCC_WARN_UNDECLARED_SELECTOR = YES;
				GCC_WARN_UNINITIALIZED_AUTOS = YES_AGGRESSIVE;
				GCC_WARN_UNUSED_FUNCTION = YES;
				GCC_WARN_UNUSED_VARIABLE = YES;
				IPHONEOS_DEPLOYMENT_TARGET = 10.0;
				MTL_ENABLE_DEBUG_INFO = YES;
				ONLY_ACTIVE_ARCH = YES;
				SDKROOT = iphoneos;
				SWIFT_OPTIMIZATION_LEVEL = "-Onone";
			};
			name = Debug;
		};
		980511661C2A18F000151D89 /* Release */ = {
			isa = XCBuildConfiguration;
			buildSettings = {
				ALWAYS_SEARCH_USER_PATHS = NO;
				CLANG_CXX_LANGUAGE_STANDARD = "gnu++0x";
				CLANG_CXX_LIBRARY = "libc++";
				CLANG_ENABLE_MODULES = YES;
				CLANG_ENABLE_OBJC_ARC = YES;
				CLANG_WARN_BOOL_CONVERSION = YES;
				CLANG_WARN_CONSTANT_CONVERSION = YES;
				CLANG_WARN_DIRECT_OBJC_ISA_USAGE = YES_ERROR;
				CLANG_WARN_EMPTY_BODY = YES;
				CLANG_WARN_ENUM_CONVERSION = YES;
				CLANG_WARN_INFINITE_RECURSION = YES;
				CLANG_WARN_INT_CONVERSION = YES;
				CLANG_WARN_OBJC_ROOT_CLASS = YES_ERROR;
				CLANG_WARN_SUSPICIOUS_MOVE = YES;
				CLANG_WARN_UNREACHABLE_CODE = YES;
				CLANG_WARN__DUPLICATE_METHOD_MATCH = YES;
				"CODE_SIGN_IDENTITY[sdk=iphoneos*]" = "iPhone Developer";
				COPY_PHASE_STRIP = NO;
				DEBUG_INFORMATION_FORMAT = "dwarf-with-dsym";
				ENABLE_NS_ASSERTIONS = NO;
				ENABLE_STRICT_OBJC_MSGSEND = YES;
				GCC_C_LANGUAGE_STANDARD = gnu99;
				GCC_NO_COMMON_BLOCKS = YES;
				GCC_WARN_64_TO_32_BIT_CONVERSION = YES;
				GCC_WARN_ABOUT_RETURN_TYPE = YES_ERROR;
				GCC_WARN_UNDECLARED_SELECTOR = YES;
				GCC_WARN_UNINITIALIZED_AUTOS = YES_AGGRESSIVE;
				GCC_WARN_UNUSED_FUNCTION = YES;
				GCC_WARN_UNUSED_VARIABLE = YES;
				IPHONEOS_DEPLOYMENT_TARGET = 10.0;
				MTL_ENABLE_DEBUG_INFO = NO;
				SDKROOT = iphoneos;
				SWIFT_OPTIMIZATION_LEVEL = "-Owholemodule";
				VALIDATE_PRODUCT = YES;
			};
			name = Release;
		};
		980511681C2A18F000151D89 /* Debug */ = {
			isa = XCBuildConfiguration;
			baseConfigurationReference = FCE44FB7D07726651C1AD380 /* Pods-GarageOS.debug.xcconfig */;
			buildSettings = {
				ALWAYS_SEARCH_USER_PATHS = YES;
				ASSETCATALOG_COMPILER_APPICON_NAME = AppIcon;
				CODE_SIGN_ENTITLEMENTS = GarageOS/GarageOS.entitlements;
				CODE_SIGN_IDENTITY = "Apple Development IOS Push Services: com.therobot.garageos";
				"CODE_SIGN_IDENTITY[sdk=iphoneos*]" = "iPhone Developer";
				DEVELOPMENT_TEAM = CZDSP7DQSH;
				ENABLE_BITCODE = NO;
				FRAMEWORK_SEARCH_PATHS = (
					"$(inherited)",
					"$(PROJECT_DIR)",
					"$(PROJECT_DIR)/GarageOS",
				);
				INFOPLIST_FILE = GarageOS/Info.plist;
				LD_RUNPATH_SEARCH_PATHS = "$(inherited) @executable_path/Frameworks";
				LIBRARY_SEARCH_PATHS = (
					"$(inherited)",
					"$(PROJECT_DIR)/build/Debug-iphoneos",
				);
				PRODUCT_BUNDLE_IDENTIFIER = com.therobot.garageos;
				PRODUCT_NAME = "$(TARGET_NAME)";
				PROVISIONING_PROFILE = "";
				PROVISIONING_PROFILE_SPECIFIER = "";
				SWIFT_OBJC_BRIDGING_HEADER = "GarageOS/Swift-Bridging-Header.h";
				SWIFT_VERSION = 3.0;
				TARGETED_DEVICE_FAMILY = 1;
				USER_HEADER_SEARCH_PATHS = "Pods/**";
			};
			name = Debug;
		};
		980511691C2A18F000151D89 /* Release */ = {
			isa = XCBuildConfiguration;
			baseConfigurationReference = 016F7D87EAF9F06E035827C9 /* Pods-GarageOS.release.xcconfig */;
			buildSettings = {
				ALWAYS_SEARCH_USER_PATHS = YES;
				ASSETCATALOG_COMPILER_APPICON_NAME = AppIcon;
				CODE_SIGN_ENTITLEMENTS = GarageOS/GarageOS.entitlements;
				"CODE_SIGN_IDENTITY[sdk=iphoneos*]" = "iPhone Developer";
				DEVELOPMENT_TEAM = CZDSP7DQSH;
				ENABLE_BITCODE = NO;
				FRAMEWORK_SEARCH_PATHS = (
					"$(inherited)",
					"$(PROJECT_DIR)",
					"$(PROJECT_DIR)/GarageOS",
				);
				INFOPLIST_FILE = GarageOS/Info.plist;
				LD_RUNPATH_SEARCH_PATHS = "$(inherited) @executable_path/Frameworks";
				LIBRARY_SEARCH_PATHS = (
					"$(inherited)",
					"$(PROJECT_DIR)/build/Debug-iphoneos",
				);
				PRODUCT_BUNDLE_IDENTIFIER = com.therobot.garageos;
				PRODUCT_NAME = "$(TARGET_NAME)";
				PROVISIONING_PROFILE = "";
				PROVISIONING_PROFILE_SPECIFIER = "";
				SWIFT_OBJC_BRIDGING_HEADER = "GarageOS/Swift-Bridging-Header.h";
				SWIFT_VERSION = 3.0;
				TARGETED_DEVICE_FAMILY = 1;
				USER_HEADER_SEARCH_PATHS = "Pods/**";
			};
			name = Release;
		};
/* End XCBuildConfiguration section */

/* Begin XCConfigurationList section */
		980511501C2A18EF00151D89 /* Build configuration list for PBXProject "GarageOS" */ = {
			isa = XCConfigurationList;
			buildConfigurations = (
				980511651C2A18F000151D89 /* Debug */,
				980511661C2A18F000151D89 /* Release */,
			);
			defaultConfigurationIsVisible = 0;
			defaultConfigurationName = Release;
		};
		980511671C2A18F000151D89 /* Build configuration list for PBXNativeTarget "GarageOS" */ = {
			isa = XCConfigurationList;
			buildConfigurations = (
				980511681C2A18F000151D89 /* Debug */,
				980511691C2A18F000151D89 /* Release */,
			);
			defaultConfigurationIsVisible = 0;
			defaultConfigurationName = Release;
		};
/* End XCConfigurationList section */
	};
	rootObject = 9805114D1C2A18EF00151D89 /* Project object */;
}
